
Microsoft Visual Studio Solution File, Format Version 12.00
# Visual Studio Version 17
VisualStudioVersion = 17.8.34511.84
MinimumVisualStudioVersion = 10.0.40219.1
Project("{FAE04EC0-301F-11D3-BF4B-00C04F79EFBC}") = "FEWebApp", "FEWebApp\FEWebApp.csproj", "{6BF67BEC-7E02-4F1C-9E69-D09E9DCA4E61}"
EndProject
Global
	GlobalSection(SolutionConfigurationPlatforms) = preSolution
		Debug|Any CPU = Debug|Any CPU
		Release|Any CPU = Release|Any CPU
	EndGlobalSection
	GlobalSection(ProjectConfigurationPlatforms) = postSolution
		{6BF67BEC-7E02-4F1C-9E69-D09E9DCA4E61}.Debug|Any CPU.ActiveCfg = Debug|Any CPU
		{6BF67BEC-7E02-4F1C-9E69-D09E9DCA4E61}.Debug|Any CPU.Build.0 = Debug|Any CPU
		{6BF67BEC-7E02-4F1C-9E69-D09E9DCA4E61}.Release|Any CPU.ActiveCfg = Release|Any CPU
		{6BF67BEC-7E02-4F1C-9E69-D09E9DCA4E61}.Release|Any CPU.Build.0 = Release|Any CPU
	EndGlobalSection
	GlobalSection(SolutionProperties) = preSolution
		HideSolutionNode = FALSE
	EndGlobalSection
	GlobalSection(ExtensibilityGlobals) = postSolution
		SolutionGuid = {8A587288-7552-481C-A5E7-B5632E8E6D87}
	EndGlobalSection
EndGlobal
